
Microsoft Visual Studio Solution File, Format Version 12.00
# Visual Studio 15
VisualStudioVersion = 15.0.27130.2010
MinimumVisualStudioVersion = 10.0.40219.1
Project("{FAE04EC0-301F-11D3-BF4B-00C04F79EFBC}") = "AoC2018", "AoC2018\AoC2018.csproj", "{A2E2CABB-A9D7-4F2D-A9B5-68088AA3DEDE}"
EndProject
Project("{FAE04EC0-301F-11D3-BF4B-00C04F79EFBC}") = "AoC.Library", "AoC Library\AoC.Library.csproj", "{1478C48A-13DB-48AC-B306-63E7213B1A5A}"
EndProject
Global
	GlobalSection(SolutionConfigurationPlatforms) = preSolution
		Debug|Any CPU = Debug|Any CPU
		Release|Any CPU = Release|Any CPU
	EndGlobalSection
	GlobalSection(ProjectConfigurationPlatforms) = postSolution
		{A2E2CABB-A9D7-4F2D-A9B5-68088AA3DEDE}.Debug|Any CPU.ActiveCfg = Debug|Any CPU
		{A2E2CABB-A9D7-4F2D-A9B5-68088AA3DEDE}.Debug|Any CPU.Build.0 = Debug|Any CPU
		{A2E2CABB-A9D7-4F2D-A9B5-68088AA3DEDE}.Release|Any CPU.ActiveCfg = Release|Any CPU
		{A2E2CABB-A9D7-4F2D-A9B5-68088AA3DEDE}.Release|Any CPU.Build.0 = Release|Any CPU
		{1478C48A-13DB-48AC-B306-63E7213B1A5A}.Debug|Any CPU.ActiveCfg = Debug|Any CPU
		{1478C48A-13DB-48AC-B306-63E7213B1A5A}.Debug|Any CPU.Build.0 = Debug|Any CPU
		{1478C48A-13DB-48AC-B306-63E7213B1A5A}.Release|Any CPU.ActiveCfg = Release|Any CPU
		{1478C48A-13DB-48AC-B306-63E7213B1A5A}.Release|Any CPU.Build.0 = Release|Any CPU
	EndGlobalSection
	GlobalSection(SolutionProperties) = preSolution
		HideSolutionNode = FALSE
	EndGlobalSection
	GlobalSection(ExtensibilityGlobals) = postSolution
		SolutionGuid = {96E0E046-B989-4789-A47F-640D3BEBCBB7}
	EndGlobalSection
EndGlobal
